
Microsoft Visual Studio Solution File, Format Version 12.00
# Visual Studio Version 17
VisualStudioVersion = 17.8.34309.116
MinimumVisualStudioVersion = 10.0.40219.1
Project("{FAE04EC0-301F-11D3-BF4B-00C04F79EFBC}") = "ServiceDeskApi", "ServiceDeskApi\ServiceDeskApi.csproj", "{DE403E32-5A9A-4392-8D37-F13C6DE096AD}"
EndProject
Global
	GlobalSection(SolutionConfigurationPlatforms) = preSolution
		Debug|Any CPU = Debug|Any CPU
		Release|Any CPU = Release|Any CPU
	EndGlobalSection
	GlobalSection(ProjectConfigurationPlatforms) = postSolution
		{DE403E32-5A9A-4392-8D37-F13C6DE096AD}.Debug|Any CPU.ActiveCfg = Debug|Any CPU
		{DE403E32-5A9A-4392-8D37-F13C6DE096AD}.Debug|Any CPU.Build.0 = Debug|Any CPU
		{DE403E32-5A9A-4392-8D37-F13C6DE096AD}.Release|Any CPU.ActiveCfg = Release|Any CPU
		{DE403E32-5A9A-4392-8D37-F13C6DE096AD}.Release|Any CPU.Build.0 = Release|Any CPU
	EndGlobalSection
	GlobalSection(SolutionProperties) = preSolution
		HideSolutionNode = FALSE
	EndGlobalSection
	GlobalSection(ExtensibilityGlobals) = postSolution
		SolutionGuid = {1940424F-DA6E-448B-9F4F-1427819C81A5}
	EndGlobalSection
EndGlobal
